// !$*UTF8*$!
{
	archiveVersion = 1;
	classes = {
	};
	objectVersion = 50;
	objects = {

/* Begin PBXBuildFile section */
		043733523D9E2DE068BE43A4 /* Pods_ParseChat.framework in Frameworks */ = {isa = PBXBuildFile; fileRef = 617199C85FC43F025F6D9069 /* Pods_ParseChat.framework */; };
		A37A9D672152E66200FF8E5D /* RegistrationViewController.swift in Sources */ = {isa = PBXBuildFile; fileRef = A37A9D662152E66200FF8E5D /* RegistrationViewController.swift */; };
		A37A9D6A2152E9C800FF8E5D /* ChatViewController.swift in Sources */ = {isa = PBXBuildFile; fileRef = A37A9D692152E9C800FF8E5D /* ChatViewController.swift */; };
		A3F26E2F2152CD43003ED9E6 /* AppDelegate.swift in Sources */ = {isa = PBXBuildFile; fileRef = A3F26E2E2152CD43003ED9E6 /* AppDelegate.swift */; };
		A3F26E312152CD43003ED9E6 /* LoginViewController.swift in Sources */ = {isa = PBXBuildFile; fileRef = A3F26E302152CD43003ED9E6 /* LoginViewController.swift */; };
		A3F26E342152CD43003ED9E6 /* Main.storyboard in Resources */ = {isa = PBXBuildFile; fileRef = A3F26E322152CD43003ED9E6 /* Main.storyboard */; };
		A3F26E372152CD43003ED9E6 /* ParseChat.xcdatamodeld in Sources */ = {isa = PBXBuildFile; fileRef = A3F26E352152CD43003ED9E6 /* ParseChat.xcdatamodeld */; };
		A3F26E392152CD43003ED9E6 /* Assets.xcassets in Resources */ = {isa = PBXBuildFile; fileRef = A3F26E382152CD43003ED9E6 /* Assets.xcassets */; };
		A3F26E3C2152CD43003ED9E6 /* LaunchScreen.storyboard in Resources */ = {isa = PBXBuildFile; fileRef = A3F26E3A2152CD43003ED9E6 /* LaunchScreen.storyboard */; };
/* End PBXBuildFile section */

/* Begin PBXFileReference section */
		3C816F46BE5678795D7230CD /* Pods-ParseChat.debug.xcconfig */ = {isa = PBXFileReference; includeInIndex = 1; lastKnownFileType = text.xcconfig; name = "Pods-ParseChat.debug.xcconfig"; path = "Pods/Target Support Files/Pods-ParseChat/Pods-ParseChat.debug.xcconfig"; sourceTree = "<group>"; };
		617199C85FC43F025F6D9069 /* Pods_ParseChat.framework */ = {isa = PBXFileReference; explicitFileType = wrapper.framework; includeInIndex = 0; path = Pods_ParseChat.framework; sourceTree = BUILT_PRODUCTS_DIR; };
		A37A9D662152E66200FF8E5D /* RegistrationViewController.swift */ = {isa = PBXFileReference; lastKnownFileType = sourcecode.swift; path = RegistrationViewController.swift; sourceTree = "<group>"; };
		A37A9D692152E9C800FF8E5D /* ChatViewController.swift */ = {isa = PBXFileReference; lastKnownFileType = sourcecode.swift; path = ChatViewController.swift; sourceTree = "<group>"; };
		A3F26E2B2152CD42003ED9E6 /* ParseChat.app */ = {isa = PBXFileReference; explicitFileType = wrapper.application; includeInIndex = 0; path = ParseChat.app; sourceTree = BUILT_PRODUCTS_DIR; };
		A3F26E2E2152CD43003ED9E6 /* AppDelegate.swift */ = {isa = PBXFileReference; lastKnownFileType = sourcecode.swift; path = AppDelegate.swift; sourceTree = "<group>"; };
		A3F26E302152CD43003ED9E6 /* LoginViewController.swift */ = {isa = PBXFileReference; lastKnownFileType = sourcecode.swift; path = LoginViewController.swift; sourceTree = "<group>"; };
		A3F26E332152CD43003ED9E6 /* Base */ = {isa = PBXFileReference; lastKnownFileType = file.storyboard; name = Base; path = Base.lproj/Main.storyboard; sourceTree = "<group>"; };
		A3F26E362152CD43003ED9E6 /* ParseChat.xcdatamodel */ = {isa = PBXFileReference; lastKnownFileType = wrapper.xcdatamodel; path = ParseChat.xcdatamodel; sourceTree = "<group>"; };
		A3F26E382152CD43003ED9E6 /* Assets.xcassets */ = {isa = PBXFileReference; lastKnownFileType = folder.assetcatalog; path = Assets.xcassets; sourceTree = "<group>"; };
		A3F26E3B2152CD43003ED9E6 /* Base */ = {isa = PBXFileReference; lastKnownFileType = file.storyboard; name = Base; path = Base.lproj/LaunchScreen.storyboard; sourceTree = "<group>"; };
		A3F26E3D2152CD43003ED9E6 /* Info.plist */ = {isa = PBXFileReference; lastKnownFileType = text.plist.xml; path = Info.plist; sourceTree = "<group>"; };
		C69D9F90041E0280BE0C7D8D /* Pods-ParseChat.release.xcconfig */ = {isa = PBXFileReference; includeInIndex = 1; lastKnownFileType = text.xcconfig; name = "Pods-ParseChat.release.xcconfig"; path = "Pods/Target Support Files/Pods-ParseChat/Pods-ParseChat.release.xcconfig"; sourceTree = "<group>"; };
/* End PBXFileReference section */

/* Begin PBXFrameworksBuildPhase section */
		A3F26E282152CD42003ED9E6 /* Frameworks */ = {
			isa = PBXFrameworksBuildPhase;
			buildActionMask = 2147483647;
			files = (
				043733523D9E2DE068BE43A4 /* Pods_ParseChat.framework in Frameworks */,
			);
			runOnlyForDeploymentPostprocessing = 0;
		};
/* End PBXFrameworksBuildPhase section */

/* Begin PBXGroup section */
		2FCBC548FF28AA100A8B0400 /* Pods */ = {
			isa = PBXGroup;
			children = (
				3C816F46BE5678795D7230CD /* Pods-ParseChat.debug.xcconfig */,
				C69D9F90041E0280BE0C7D8D /* Pods-ParseChat.release.xcconfig */,
			);
			name = Pods;
			sourceTree = "<group>";
		};
		A37A9D682152E99000FF8E5D /* Controllers */ = {
			isa = PBXGroup;
			children = (
				A37A9D662152E66200FF8E5D /* RegistrationViewController.swift */,
				A3F26E302152CD43003ED9E6 /* LoginViewController.swift */,
				A37A9D692152E9C800FF8E5D /* ChatViewController.swift */,
			);
			path = Controllers;
			sourceTree = "<group>";
		};
		A3F26E222152CD42003ED9E6 = {
			isa = PBXGroup;
			children = (
				A3F26E2D2152CD42003ED9E6 /* ParseChat */,
				A3F26E2C2152CD42003ED9E6 /* Products */,
				2FCBC548FF28AA100A8B0400 /* Pods */,
				DB025B1C5B985822DAB541D9 /* Frameworks */,
			);
			sourceTree = "<group>";
		};
		A3F26E2C2152CD42003ED9E6 /* Products */ = {
			isa = PBXGroup;
			children = (
				A3F26E2B2152CD42003ED9E6 /* ParseChat.app */,
			);
			name = Products;
			sourceTree = "<group>";
		};
		A3F26E2D2152CD42003ED9E6 /* ParseChat */ = {
			isa = PBXGroup;
			children = (
				A37A9D682152E99000FF8E5D /* Controllers */,
				A3F26E2E2152CD43003ED9E6 /* AppDelegate.swift */,
				A3F26E322152CD43003ED9E6 /* Main.storyboard */,
				A3F26E382152CD43003ED9E6 /* Assets.xcassets */,
				A3F26E3A2152CD43003ED9E6 /* LaunchScreen.storyboard */,
				A3F26E3D2152CD43003ED9E6 /* Info.plist */,
				A3F26E352152CD43003ED9E6 /* ParseChat.xcdatamodeld */,
			);
			path = ParseChat;
			sourceTree = "<group>";
		};
		DB025B1C5B985822DAB541D9 /* Frameworks */ = {
			isa = PBXGroup;
			children = (
				617199C85FC43F025F6D9069 /* Pods_ParseChat.framework */,
			);
			name = Frameworks;
			sourceTree = "<group>";
		};
/* End PBXGroup section */

/* Begin PBXNativeTarget section */
		A3F26E2A2152CD42003ED9E6 /* ParseChat */ = {
			isa = PBXNativeTarget;
			buildConfigurationList = A3F26E402152CD43003ED9E6 /* Build configuration list for PBXNativeTarget "ParseChat" */;
			buildPhases = (
				217B50791DCADC3D89717695 /* [CP] Check Pods Manifest.lock */,
				A3F26E272152CD42003ED9E6 /* Sources */,
				A3F26E282152CD42003ED9E6 /* Frameworks */,
				A3F26E292152CD42003ED9E6 /* Resources */,
				6DD88066085D984FABF8242A /* [CP] Embed Pods Frameworks */,
			);
			buildRules = (
			);
			dependencies = (
			);
			name = ParseChat;
			productName = ParseChat;
			productReference = A3F26E2B2152CD42003ED9E6 /* ParseChat.app */;
			productType = "com.apple.product-type.application";
		};
/* End PBXNativeTarget section */

/* Begin PBXProject section */
		A3F26E232152CD42003ED9E6 /* Project object */ = {
			isa = PBXProject;
			attributes = {
				LastSwiftUpdateCheck = 0940;
				LastUpgradeCheck = 0940;
				ORGANIZATIONNAME = GirlsWhoCode;
				TargetAttributes = {
					A3F26E2A2152CD42003ED9E6 = {
						CreatedOnToolsVersion = 9.4.1;
					};
				};
			};
			buildConfigurationList = A3F26E262152CD42003ED9E6 /* Build configuration list for PBXProject "ParseChat" */;
			compatibilityVersion = "Xcode 9.3";
			developmentRegion = en;
			hasScannedForEncodings = 0;
			knownRegions = (
				en,
				Base,
			);
			mainGroup = A3F26E222152CD42003ED9E6;
			productRefGroup = A3F26E2C2152CD42003ED9E6 /* Products */;
			projectDirPath = "";
			projectRoot = "";
			targets = (
				A3F26E2A2152CD42003ED9E6 /* ParseChat */,
			);
		};
/* End PBXProject section */

/* Begin PBXResourcesBuildPhase section */
		A3F26E292152CD42003ED9E6 /* Resources */ = {
			isa = PBXResourcesBuildPhase;
			buildActionMask = 2147483647;
			files = (
				A3F26E3C2152CD43003ED9E6 /* LaunchScreen.storyboard in Resources */,
				A3F26E392152CD43003ED9E6 /* Assets.xcassets in Resources */,
				A3F26E342152CD43003ED9E6 /* Main.storyboard in Resources */,
			);
			runOnlyForDeploymentPostprocessing = 0;
		};
/* End PBXResourcesBuildPhase section */

/* Begin PBXShellScriptBuildPhase section */
		217B50791DCADC3D89717695 /* [CP] Check Pods Manifest.lock */ = {
			isa = PBXShellScriptBuildPhase;
			buildActionMask = 2147483647;
			files = (
			);
			inputPaths = (
				"${PODS_PODFILE_DIR_PATH}/Podfile.lock",
				"${PODS_ROOT}/Manifest.lock",
			);
			name = "[CP] Check Pods Manifest.lock";
			outputPaths = (
				"$(DERIVED_FILE_DIR)/Pods-ParseChat-checkManifestLockResult.txt",
			);
			runOnlyForDeploymentPostprocessing = 0;
			shellPath = /bin/sh;
			shellScript = "diff \"${PODS_PODFILE_DIR_PATH}/Podfile.lock\" \"${PODS_ROOT}/Manifest.lock\" > /dev/null\nif [ $? != 0 ] ; then\n    # print error to STDERR\n    echo \"error: The sandbox is not in sync with the Podfile.lock. Run 'pod install' or update your CocoaPods installation.\" >&2\n    exit 1\nfi\n# This output is used by Xcode 'outputs' to avoid re-running this script phase.\necho \"SUCCESS\" > \"${SCRIPT_OUTPUT_FILE_0}\"\n";
			showEnvVarsInLog = 0;
		};
		6DD88066085D984FABF8242A /* [CP] Embed Pods Frameworks */ = {
			isa = PBXShellScriptBuildPhase;
			buildActionMask = 2147483647;
			files = (
			);
			inputPaths = (
				"${SRCROOT}/Pods/Target Support Files/Pods-ParseChat/Pods-ParseChat-frameworks.sh",
				"${BUILT_PRODUCTS_DIR}/Bolts/Bolts.framework",
				"${BUILT_PRODUCTS_DIR}/Parse/Parse.framework",
			);
			name = "[CP] Embed Pods Frameworks";
			outputPaths = (
				"${TARGET_BUILD_DIR}/${FRAMEWORKS_FOLDER_PATH}/Bolts.framework",
				"${TARGET_BUILD_DIR}/${FRAMEWORKS_FOLDER_PATH}/Parse.framework",
			);
			runOnlyForDeploymentPostprocessing = 0;
			shellPath = /bin/sh;
			shellScript = "\"${SRCROOT}/Pods/Target Support Files/Pods-ParseChat/Pods-ParseChat-frameworks.sh\"\n";
			showEnvVarsInLog = 0;
		};
/* End PBXShellScriptBuildPhase section */

/* Begin PBXSourcesBuildPhase section */
		A3F26E272152CD42003ED9E6 /* Sources */ = {
			isa = PBXSourcesBuildPhase;
			buildActionMask = 2147483647;
			files = (
				A3F26E312152CD43003ED9E6 /* LoginViewController.swift in Sources */,
				A3F26E2F2152CD43003ED9E6 /* AppDelegate.swift in Sources */,
				A37A9D672152E66200FF8E5D /* RegistrationViewController.swift in Sources */,
				A37A9D6A2152E9C800FF8E5D /* ChatViewController.swift in Sources */,
				A3F26E372152CD43003ED9E6 /* ParseChat.xcdatamodeld in Sources */,
			);
			runOnlyForDeploymentPostprocessing = 0;
		};
/* End PBXSourcesBuildPhase section */

/* Begin PBXVariantGroup section */
		A3F26E322152CD43003ED9E6 /* Main.storyboard */ = {
			isa = PBXVariantGroup;
			children = (
				A3F26E332152CD43003ED9E6 /* Base */,
			);
			name = Main.storyboard;
			sourceTree = "<group>";
		};
		A3F26E3A2152CD43003ED9E6 /* LaunchScreen.storyboard */ = {
			isa = PBXVariantGroup;
			children = (
				A3F26E3B2152CD43003ED9E6 /* Base */,
			);
			name = LaunchScreen.storyboard;
			sourceTree = "<group>";
		};
/* End PBXVariantGroup section */

/* Begin XCBuildConfiguration section */
		A3F26E3E2152CD43003ED9E6 /* Debug */ = {
			isa = XCBuildConfiguration;
			buildSettings = {
				ALWAYS_SEARCH_USER_PATHS = NO;
				CLANG_ANALYZER_NONNULL = YES;
				CLANG_ANALYZER_NUMBER_OBJECT_CONVERSION = YES_AGGRESSIVE;
				CLANG_CXX_LANGUAGE_STANDARD = "gnu++14";
				CLANG_CXX_LIBRARY = "libc++";
				CLANG_ENABLE_MODULES = YES;
				CLANG_ENABLE_OBJC_ARC = YES;
				CLANG_ENABLE_OBJC_WEAK = YES;
				CLANG_WARN_BLOCK_CAPTURE_AUTORELEASING = YES;
				CLANG_WARN_BOOL_CONVERSION = YES;
				CLANG_WARN_COMMA = YES;
				CLANG_WARN_CONSTANT_CONVERSION = YES;
				CLANG_WARN_DEPRECATED_OBJC_IMPLEMENTATIONS = YES;
				CLANG_WARN_DIRECT_OBJC_ISA_USAGE = YES_ERROR;
				CLANG_WARN_DOCUMENTATION_COMMENTS = YES;
				CLANG_WARN_EMPTY_BODY = YES;
				CLANG_WARN_ENUM_CONVERSION = YES;
				CLANG_WARN_INFINITE_RECURSION = YES;
				CLANG_WARN_INT_CONVERSION = YES;
				CLANG_WARN_NON_LITERAL_NULL_CONVERSION = YES;
				CLANG_WARN_OBJC_IMPLICIT_RETAIN_SELF = YES;
				CLANG_WARN_OBJC_LITERAL_CONVERSION = YES;
				CLANG_WARN_OBJC_ROOT_CLASS = YES_ERROR;
				CLANG_WARN_RANGE_LOOP_ANALYSIS = YES;
				CLANG_WARN_STRICT_PROTOTYPES = YES;
				CLANG_WARN_SUSPICIOUS_MOVE = YES;
				CLANG_WARN_UNGUARDED_AVAILABILITY = YES_AGGRESSIVE;
				CLANG_WARN_UNREACHABLE_CODE = YES;
				CLANG_WARN__DUPLICATE_METHOD_MATCH = YES;
				CODE_SIGN_IDENTITY = "iPhone Developer";
				COPY_PHASE_STRIP = NO;
				DEBUG_INFORMATION_FORMAT = dwarf;
				ENABLE_STRICT_OBJC_MSGSEND = YES;
				ENABLE_TESTABILITY = YES;
				GCC_C_LANGUAGE_STANDARD = gnu11;
				GCC_DYNAMIC_NO_PIC = NO;
				GCC_NO_COMMON_BLOCKS = YES;
				GCC_OPTIMIZATION_LEVEL = 0;
				GCC_PREPROCESSOR_DEFINITIONS = (
					"DEBUG=1",
					"$(inherited)",
				);
				GCC_WARN_64_TO_32_BIT_CONVERSION = YES;
				GCC_WARN_ABOUT_RETURN_TYPE = YES_ERROR;
				GCC_WARN_UNDECLARED_SELECTOR = YES;
				GCC_WARN_UNINITIALIZED_AUTOS = YES_AGGRESSIVE;
				GCC_WARN_UNUSED_FUNCTION = YES;
				GCC_WARN_UNUSED_VARIABLE = YES;
				IPHONEOS_DEPLOYMENT_TARGET = 11.4;
				MTL_ENABLE_DEBUG_INFO = YES;
				ONLY_ACTIVE_ARCH = YES;
				SDKROOT = iphoneos;
				SWIFT_ACTIVE_COMPILATION_CONDITIONS = DEBUG;
				SWIFT_OPTIMIZATION_LEVEL = "-Onone";
			};
			name = Debug;
		};
		A3F26E3F2152CD43003ED9E6 /* Release */ = {
			isa = XCBuildConfiguration;
			buildSettings = {
				ALWAYS_SEARCH_USER_PATHS = NO;
				CLANG_ANALYZER_NONNULL = YES;
				CLANG_ANALYZER_NUMBER_OBJECT_CONVERSION = YES_AGGRESSIVE;
				CLANG_CXX_LANGUAGE_STANDARD = "gnu++14";
				CLANG_CXX_LIBRARY = "libc++";
				CLANG_ENABLE_MODULES = YES;
				CLANG_ENABLE_OBJC_ARC = YES;
				CLANG_ENABLE_OBJC_WEAK = YES;
				CLANG_WARN_BLOCK_CAPTURE_AUTORELEASING = YES;
				CLANG_WARN_BOOL_CONVERSION = YES;
				CLANG_WARN_COMMA = YES;
				CLANG_WARN_CONSTANT_CONVERSION = YES;
				CLANG_WARN_DEPRECATED_OBJC_IMPLEMENTATIONS = YES;
				CLANG_WARN_DIRECT_OBJC_ISA_USAGE = YES_ERROR;
				CLANG_WARN_DOCUMENTATION_COMMENTS = YES;
				CLANG_WARN_EMPTY_BODY = YES;
				CLANG_WARN_ENUM_CONVERSION = YES;
				CLANG_WARN_INFINITE_RECURSION = YES;
				CLANG_WARN_INT_CONVERSION = YES;
				CLANG_WARN_NON_LITERAL_NULL_CONVERSION = YES;
				CLANG_WARN_OBJC_IMPLICIT_RETAIN_SELF = YES;
				CLANG_WARN_OBJC_LITERAL_CONVERSION = YES;
				CLANG_WARN_OBJC_ROOT_CLASS = YES_ERROR;
				CLANG_WARN_RANGE_LOOP_ANALYSIS = YES;
				CLANG_WARN_STRICT_PROTOTYPES = YES;
				CLANG_WARN_SUSPICIOUS_MOVE = YES;
				CLANG_WARN_UNGUARDED_AVAILABILITY = YES_AGGRESSIVE;
				CLANG_WARN_UNREACHABLE_CODE = YES;
				CLANG_WARN__DUPLICATE_METHOD_MATCH = YES;
				CODE_SIGN_IDENTITY = "iPhone Developer";
				COPY_PHASE_STRIP = NO;
				DEBUG_INFORMATION_FORMAT = "dwarf-with-dsym";
				ENABLE_NS_ASSERTIONS = NO;
				ENABLE_STRICT_OBJC_MSGSEND = YES;
				GCC_C_LANGUAGE_STANDARD = gnu11;
				GCC_NO_COMMON_BLOCKS = YES;
				GCC_WARN_64_TO_32_BIT_CONVERSION = YES;
				GCC_WARN_ABOUT_RETURN_TYPE = YES_ERROR;
				GCC_WARN_UNDECLARED_SELECTOR = YES;
				GCC_WARN_UNINITIALIZED_AUTOS = YES_AGGRESSIVE;
				GCC_WARN_UNUSED_FUNCTION = YES;
				GCC_WARN_UNUSED_VARIABLE = YES;
				IPHONEOS_DEPLOYMENT_TARGET = 11.4;
				MTL_ENABLE_DEBUG_INFO = NO;
				SDKROOT = iphoneos;
				SWIFT_COMPILATION_MODE = wholemodule;
				SWIFT_OPTIMIZATION_LEVEL = "-O";
				VALIDATE_PRODUCT = YES;
			};
			name = Release;
		};
		A3F26E412152CD43003ED9E6 /* Debug */ = {
			isa = XCBuildConfiguration;
			baseConfigurationReference = 3C816F46BE5678795D7230CD /* Pods-ParseChat.debug.xcconfig */;
			buildSettings = {
				ASSETCATALOG_COMPILER_APPICON_NAME = AppIcon;
				CODE_SIGN_STYLE = Automatic;
				DEVELOPMENT_TEAM = 3Q7UFDQ869;
				INFOPLIST_FILE = ParseChat/Info.plist;
				LD_RUNPATH_SEARCH_PATHS = (
					"$(inherited)",
					"@executable_path/Frameworks",
				);
				PRODUCT_BUNDLE_IDENTIFIER = HD43X2HS44.ParseChat;
				PRODUCT_NAME = "$(TARGET_NAME)";
				SWIFT_VERSION = 4.0;
				TARGETED_DEVICE_FAMILY = "1,2";
			};
			name = Debug;
		};
		A3F26E422152CD43003ED9E6 /* Release */ = {
			isa = XCBuildConfiguration;
			baseConfigurationReference = C69D9F90041E0280BE0C7D8D /* Pods-ParseChat.release.xcconfig */;
			buildSettings = {
				ASSETCATALOG_COMPILER_APPICON_NAME = AppIcon;
				CODE_SIGN_STYLE = Automatic;
				DEVELOPMENT_TEAM = 3Q7UFDQ869;
				INFOPLIST_FILE = ParseChat/Info.plist;
				LD_RUNPATH_SEARCH_PATHS = (
					"$(inherited)",
					"@executable_path/Frameworks",
				);
				PRODUCT_BUNDLE_IDENTIFIER = HD43X2HS44.ParseChat;
				PRODUCT_NAME = "$(TARGET_NAME)";
				SWIFT_VERSION = 4.0;
				TARGETED_DEVICE_FAMILY = "1,2";
			};
			name = Release;
		};
/* End XCBuildConfiguration section */

/* Begin XCConfigurationList section */
		A3F26E262152CD42003ED9E6 /* Build configuration list for PBXProject "ParseChat" */ = {
			isa = XCConfigurationList;
			buildConfigurations = (
				A3F26E3E2152CD43003ED9E6 /* Debug */,
				A3F26E3F2152CD43003ED9E6 /* Release */,
			);
			defaultConfigurationIsVisible = 0;
			defaultConfigurationName = Release;
		};
		A3F26E402152CD43003ED9E6 /* Build configuration list for PBXNativeTarget "ParseChat" */ = {
			isa = XCConfigurationList;
			buildConfigurations = (
				A3F26E412152CD43003ED9E6 /* Debug */,
				A3F26E422152CD43003ED9E6 /* Release */,
			);
			defaultConfigurationIsVisible = 0;
			defaultConfigurationName = Release;
		};
/* End XCConfigurationList section */

/* Begin XCVersionGroup section */
		A3F26E352152CD43003ED9E6 /* ParseChat.xcdatamodeld */ = {
			isa = XCVersionGroup;
			children = (
				A3F26E362152CD43003ED9E6 /* ParseChat.xcdatamodel */,
			);
			currentVersion = A3F26E362152CD43003ED9E6 /* ParseChat.xcdatamodel */;
			path = ParseChat.xcdatamodeld;
			sourceTree = "<group>";
			versionGroupType = wrapper.xcdatamodel;
		};
/* End XCVersionGroup section */
	};
	rootObject = A3F26E232152CD42003ED9E6 /* Project object */;
}
